
Microsoft Visual Studio Solution File, Format Version 12.00
# Visual Studio Version 17
VisualStudioVersion = 17.0.31903.59
MinimumVisualStudioVersion = 10.0.40219.1
Project("{9A19103F-16F7-4668-BE54-9A1E7A4F7556}") = "Rinha", "Rinha\Rinha.csproj", "{5430401F-775E-4020-98EA-892CC53207F3}"
EndProject
Project("{2150E333-8FDC-42A3-9474-1A3956D46DE8}") = "Solution Items", "Solution Items", "{25CD30F6-D31B-4161-92D5-AA98F95FA00B}"
	ProjectSection(SolutionItems) = preProject
		.dockerignore = .dockerignore
		.editorconfig = .editorconfig
		.gitignore = .gitignore
		docker-compose.yml = docker-compose.yml
		global.json = global.json
		LICENSE.txt = LICENSE.txt
	EndProjectSection
EndProject
Global
	GlobalSection(SolutionConfigurationPlatforms) = preSolution
		Debug|Any CPU = Debug|Any CPU
		Release|Any CPU = Release|Any CPU
	EndGlobalSection
	GlobalSection(ProjectConfigurationPlatforms) = postSolution
		{5430401F-775E-4020-98EA-892CC53207F3}.Debug|Any CPU.ActiveCfg = Debug|Any CPU
		{5430401F-775E-4020-98EA-892CC53207F3}.Debug|Any CPU.Build.0 = Debug|Any CPU
		{5430401F-775E-4020-98EA-892CC53207F3}.Release|Any CPU.ActiveCfg = Release|Any CPU
		{5430401F-775E-4020-98EA-892CC53207F3}.Release|Any CPU.Build.0 = Release|Any CPU
	EndGlobalSection
	GlobalSection(SolutionProperties) = preSolution
		HideSolutionNode = FALSE
	EndGlobalSection
	GlobalSection(ExtensibilityGlobals) = postSolution
		SolutionGuid = {1CB4B3A0-7A6C-4614-A282-6C6967046FA2}
	EndGlobalSection
EndGlobal
